# THIS IS AN AUTOGENERATED FILE. DO NOT EDIT THIS FILE DIRECTLY.
# yarn lockfile v1


angular-chart.js@^1.1.1:
  version "1.1.1"
  resolved "https://registry.yarnpkg.com/angular-chart.js/-/angular-chart.js-1.1.1.tgz#49f0e18d081762b6d4c9791e487aff2fbb30f5ae"
  dependencies:
    angular "1.x"
    chart.js "2.3.x"

angular@1.x:
  version "1.6.4"
  resolved "https://registry.yarnpkg.com/angular/-/angular-1.6.4.tgz#03b7b15c01a0802d7e2cf593240e604054dc77fb"

bootstrap-3-grid@^0.0.1:
  version "0.0.1"
  resolved "https://registry.yarnpkg.com/bootstrap-3-grid/-/bootstrap-3-grid-0.0.1.tgz#dfb66519081ad51a92981c328a0ade04c9d4b5e7"

chart.js@2.3.x:
  version "2.3.0"
  resolved "https://registry.yarnpkg.com/chart.js/-/chart.js-2.3.0.tgz#40460e48e2c417c05fc3325cd84f7b000dc7d7d6"
  dependencies:
    chartjs-color "^2.0.0"
    moment "^2.10.6"

chartjs-color-string@^0.4.0:
  version "0.4.0"
  resolved "https://registry.yarnpkg.com/chartjs-color-string/-/chartjs-color-string-0.4.0.tgz#57748d4530ae28d8db0a5492182ba06dfdf2f468"
  dependencies:
    color-name "^1.0.0"

chartjs-color@^2.0.0:
  version "2.1.0"
  resolved "https://registry.yarnpkg.com/chartjs-color/-/chartjs-color-2.1.0.tgz#9c39ac830ccd98996ae80c9f11086ff12c98a756"
  dependencies:
    chartjs-color-string "^0.4.0"
    color-convert "^0.5.3"

color-convert@^0.5.3:
  version "0.5.3"
  resolved "https://registry.yarnpkg.com/color-convert/-/color-convert-0.5.3.tgz#bdb6c69ce660fadffe0b0007cc447e1b9f7282bd"

color-name@^1.0.0:
  version "1.1.2"
  resolved "https://registry.yarnpkg.com/color-name/-/color-name-1.1.2.tgz#5c8ab72b64bd2215d617ae9559ebb148475cf98d"

front-css-js@^1.0.0-1:
  version "1.0.0-1"
  resolved "https://registry.yarnpkg.com/front-css-js/-/front-css-js-1.0.0-1.tgz#f1432cc5626fd289d982781e727573099f78618e"

jquery@^3.2.1:
  version "3.2.1"
  resolved "https://registry.yarnpkg.com/jquery/-/jquery-3.2.1.tgz#5c4d9de652af6cd0a770154a631bba12b015c787"

moment@^2.10.6:
  version "2.18.1"
  resolved "https://registry.yarnpkg.com/moment/-/moment-2.18.1.tgz#c36193dd3ce1c2eed2adb7c802dbbc77a81b1c0f"

specificity@^0.3.0:
  version "0.3.0"
  resolved "https://registry.yarnpkg.com/specificity/-/specificity-0.3.0.tgz#332472d4e5eb5af20821171933998a6bc3b1ce6f"
